github.com/cristalhq/base64 v0.1.2 h1:edsefYyYDiac7Ytdh2xdaiiSSJzcI2f0yIkdGEf1qY0=
github.com/cristalhq/base64 v0.1.2/go.mod h1:sy4+2Hale2KbtSqkzpdMeYTP/IrB+HCvxVHWsh2VSYk=
github.com/glycerine/b3 v0.0.59 h1:mCe8BXoVNGXUuf8FPX98lsbXOYQSgv0hA62ieEe6ntE=
github.com/glycerine/b3 v0.0.59/go.mod h1:WfVVnradC0mNFmMsJ9KoahCtpmym5hjR7T0cP8Fzi6E=
github.com/glycerine/blake3 v1.5.2 h1:lE+WPREJhqdWt5/va+byQccckYQwN41Uu/K+u3KRxdE=
github.com/glycerine/blake3 v1.5.2/go.mod h1:c/clAKPeDtoJM2aRKbbXWCOtgra+AlmsTD9z6EH7iYo=
github.com/klauspost/cpuid/v2 v2.0.9 h1:lgaqFMSdTdQYdZ04uHyN2d/eKdOMyi2YLSvlQIBFYa4=
github.com/klauspost/cpuid/v2 v2.0.9/go.mod h1:FInQzS24/EEf25PyTYn52gqo7WaD8xa0213Md/qVLRg=
