4d63.com/embedfiles v0.0.0-20190311033909-995e0740726f h1:oyYjGRBNq1TxAIG8aHqtxlvqUfzdZf+MbcRb/oweNfY=
4d63.com/embedfiles v0.0.0-20190311033909-995e0740726f/go.mod h1:HxEsUxoVZyRxsZML/S6e2xAuieFMlGO0756ncWx1aXE=
4d63.com/tz v1.2.0 h1:EpJt060xY+M+M0Wj8btz+THdOJbSxj4i8jhVQP3Wr0U=
4d63.com/tz v1.2.0/go.mod h1:SHGqVdL7hd2ZaX2T9uEiOZ/OFAUfCCLURdLPJsd8ZNs=
github.com/cristalhq/base64 v0.1.2 h1:edsefYyYDiac7Ytdh2xdaiiSSJzcI2f0yIkdGEf1qY0=
github.com/cristalhq/base64 v0.1.2/go.mod h1:sy4+2Hale2KbtSqkzpdMeYTP/IrB+HCvxVHWsh2VSYk=
github.com/glycerine/blake2b v0.0.0-20151022103502-3c8c640cd7be h1:XBJdPGgA3qqhW+p9CANCAVdF7ZIXdu3pZAkypMkKAjE=
github.com/glycerine/blake2b v0.0.0-20151022103502-3c8c640cd7be/go.mod h1:OSCrScrFAjcBObrulk6BEQlytA462OkG1UGB5NYj9kE=
github.com/glycerine/blake3 v1.5.2 h1:lE+WPREJhqdWt5/va+byQccckYQwN41Uu/K+u3KRxdE=
github.com/glycerine/blake3 v1.5.2/go.mod h1:c/clAKPeDtoJM2aRKbbXWCOtgra+AlmsTD9z6EH7iYo=
github.com/glycerine/fwd v1.1.4-beta.jea h1:penEwsXMBPCMCH+iUj/HKRIuRzfESzLIk99OcttgqTU=
github.com/glycerine/fwd v1.1.4-beta.jea/go.mod h1:N5KPZnp8z9AaPcR/9r5u2BcdqnlfcTcEGbX1In/yyIE=
github.com/glycerine/goconvey v0.0.0-20190410193231-58a59202ab31 h1:gclg6gY70GLy3PbkQ1AERPfmLMMagS60DKF78eWwLn8=
github.com/glycerine/goconvey v0.0.0-20190410193231-58a59202ab31/go.mod h1:Ogl1Tioa0aV7gstGFO7KhffUsb9M4ydbEbbxpcEDc24=
github.com/glycerine/greenpack v0.541.0 h1:27vVEEmJTCXfRz7EiHqkAY+uXM54rUKHEAXxqPLC+QE=
github.com/glycerine/greenpack v0.541.0/go.mod h1:DUVEsWj48QijXF52Jy83ibYhE1c4VIdWFH7fwAWuXbI=
github.com/glycerine/idem v0.20.7 h1:EGR8qzHW/qjXEvXEsuR6IXvT+QFTLpr836rekmhHPhM=
github.com/glycerine/idem v0.20.7/go.mod h1:gA9QRaEvbRow2nBLZRrTPV36h9VsZ31Kdz6e0iRVkSo=
github.com/glycerine/liner v0.0.0-20160121172638-72909af234e0 h1:4ZegphJXBTc4uFQ08UVoWYmQXorGa+ipXetUj83sMBc=
github.com/glycerine/liner v0.0.0-20160121172638-72909af234e0/go.mod h1:AqJLs6UeoC65dnHxyCQ6MO31P5STpjcmgaANAU+No8Q=
github.com/glycerine/one_tree_rwmut v1.0.0 h1:S9/US5QeXZVrXc/0tSUD58NAxKQY9CaezDcD7pwSVtI=
github.com/glycerine/one_tree_rwmut v1.0.0/go.mod h1:eKKXEG3WkBtQOka9ANdHuIlhqNCc45NcDjBFaG/FMmU=
github.com/glycerine/rbtree v0.2.1 h1:9nD5PDojW8gu1slYBzzH7VND9gbSjB86tusW5YRKghc=
github.com/glycerine/rbtree v0.2.1/go.mod h1:skpUtSrm1HHyLo+HayukOvAmXtE/F6tsVW0uCpaBGWE=
github.com/goccy/go-yaml v1.19.2 h1:PmFC1S6h8ljIz6gMRBopkjP1TVT7xuwrButHID66PoM=
github.com/goccy/go-yaml v1.19.2/go.mod h1:XBurs7gK8ATbW4ZPGKgcbrY1Br56PdM69F7LkFRi1kA=
github.com/google/go-cmp v0.7.0 h1:wk8382ETsv4JYUZwIsn6YpYiWiBsYLSJiTsyBybVuN8=
github.com/google/go-cmp v0.7.0/go.mod h1:pXiqmnSA92OHEEa9HXL2W4E7lf9JzCmGVUdgjX3N/iU=
github.com/gopherjs/gopherjs v1.17.2 h1:fQnZVsXk8uxXIStYb0N4bGk7jeyTalG/wsZjQ25dO0g=
github.com/gopherjs/gopherjs v1.17.2/go.mod h1:pRRIvn/QzFLrKfvEz3qUuEhtE/zLCWfreZ6J5gM2i+k=
github.com/gorilla/websocket v1.5.3 h1:saDtZ6Pbx/0u+bgYQ3q96pZgCzfhKXGPqt7kZ72aNNg=
github.com/gorilla/websocket v1.5.3/go.mod h1:YR8l580nyteQvAITg2hZ9XVh4b55+EU/adAjf1fMHhE=
github.com/jtolds/gls v4.20.0+incompatible h1:xdiiI2gbIgH/gLH7ADydsJ1uDOEzR8yvV7C0MuV77Wo=
github.com/jtolds/gls v4.20.0+incompatible/go.mod h1:QJZ7F/aHp+rZTRtaJ1ow/lLfFfVYBRgL+9YlvaHOwJU=
github.com/klauspost/cpuid/v2 v2.3.0 h1:S4CRMLnYUhGeDFDqkGriYKdfoFlDnMtqTiI/sFzhA9Y=
github.com/klauspost/cpuid/v2 v2.3.0/go.mod h1:hqwkgyIinND0mEev00jJYCxPNVRVXFQeu1XKlok6oO0=
github.com/philhofer/fwd v1.2.0 h1:e6DnBTl7vGY+Gz322/ASL4Gyp1FspeMvx1RNDoToZuM=
github.com/philhofer/fwd v1.2.0/go.mod h1:RqIHx9QI14HlwKwm98g9Re5prTQ6LdeRQn+gXJFxsJM=
github.com/shurcooL/go v0.0.0-20200502201357-93f07166e636 h1:aSISeOcal5irEhJd1M+IrApc0PdcN7e7Aj4yuEnOrfQ=
github.com/shurcooL/go v0.0.0-20200502201357-93f07166e636/go.mod h1:TDJrrUr11Vxrven61rcy3hJMUqaf/CLWYhHNPmT14Lk=
github.com/shurcooL/go-goon v1.0.0 h1:BCQPvxGkHHJ4WpBO4m/9FXbITVIsvAm/T66cCcCGI7E=
github.com/shurcooL/go-goon v1.0.0/go.mod h1:2wTHMsGo7qnpmqA8ADYZtP4I1DD94JpXGQ3Dxq2YQ5w=
github.com/tetratelabs/wazero v1.11.1-0.20260428013916-2bbd517b7633 h1:6GN/lazdqr69FIzz1U6c4TF/ppE2dInMR4GzU9QKxjg=
github.com/tetratelabs/wazero v1.11.1-0.20260428013916-2bbd517b7633/go.mod h1:3ghOSSWYnzX0zd/3Ns4ni2tKxcXDE9/QgkwuH1PW3Rs=
github.com/tinylib/msgp v1.6.4 h1:mOwYbyYDLPj35mkA2BjjYejgJk9BuHxDdvRnb6v2ZcQ=
github.com/tinylib/msgp v1.6.4/go.mod h1:RSp0LW9oSxFut3KzESt5Voq4GVWyS+PSulT77roAqEA=
github.com/ugorji/go/codec v1.3.1 h1:waO7eEiFDwidsBN6agj1vJQ4AG7lh2yqXyOXqhgQuyY=
github.com/ugorji/go/codec v1.3.1/go.mod h1:pRBVtBSKl77K30Bv8R2P+cLSGaTtex6fsA2Wjqmfxj4=
golang.org/x/sys v0.43.0 h1:Rlag2XtaFTxp19wS8MXlJwTvoh8ArU6ezoyFsMyCTNI=
golang.org/x/sys v0.43.0/go.mod h1:4GL1E5IUh+htKOUEOaiffhrAeqysfVGipDYzABqnCmw=
